
Microsoft Visual Studio Solution File, Format Version 12.00
# Visual Studio Version 17
VisualStudioVersion = 17.14.36301.6 d17.14
MinimumVisualStudioVersion = 10.0.40219.1
Project("{FAE04EC0-301F-11D3-BF4B-00C04F79EFBC}") = "SecondAppliedActivity", "SecondAppliedActivity\SecondAppliedActivity.csproj", "{7E5BBD76-ACCD-4104-8B9D-0AACD1A21C71}"
EndProject
Global
	GlobalSection(SolutionConfigurationPlatforms) = preSolution
		Debug|Any CPU = Debug|Any CPU
		Release|Any CPU = Release|Any CPU
	EndGlobalSection
	GlobalSection(ProjectConfigurationPlatforms) = postSolution
		{7E5BBD76-ACCD-4104-8B9D-0AACD1A21C71}.Debug|Any CPU.ActiveCfg = Debug|Any CPU
		{7E5BBD76-ACCD-4104-8B9D-0AACD1A21C71}.Debug|Any CPU.Build.0 = Debug|Any CPU
		{7E5BBD76-ACCD-4104-8B9D-0AACD1A21C71}.Debug|Any CPU.Deploy.0 = Debug|Any CPU
		{7E5BBD76-ACCD-4104-8B9D-0AACD1A21C71}.Release|Any CPU.ActiveCfg = Release|Any CPU
		{7E5BBD76-ACCD-4104-8B9D-0AACD1A21C71}.Release|Any CPU.Build.0 = Release|Any CPU
		{7E5BBD76-ACCD-4104-8B9D-0AACD1A21C71}.Release|Any CPU.Deploy.0 = Release|Any CPU
	EndGlobalSection
	GlobalSection(SolutionProperties) = preSolution
		HideSolutionNode = FALSE
	EndGlobalSection
	GlobalSection(ExtensibilityGlobals) = postSolution
		SolutionGuid = {2D456C97-AE55-42D4-B7A4-2C625715EAAD}
	EndGlobalSection
EndGlobal
